// !$*UTF8*$!
{
	archiveVersion = 1;
	classes = {
	};
	objectVersion = 46;
	objects = {

/* Begin PBXBuildFile section */
		C8A1CA9A1EC24706009FD65E /* main.m in Sources */ = {isa = PBXBuildFile; fileRef = C8A1CA991EC24706009FD65E /* main.m */; };
		C8A1CAA81EC24AA8009FD65E /* Accumulator_6.m in Sources */ = {isa = PBXBuildFile; fileRef = C8A1CAA71EC24AA8009FD65E /* Accumulator_6.m */; };
/* End PBXBuildFile section */

/* Begin PBXCopyFilesBuildPhase section */
		C8A1CA941EC24706009FD65E /* CopyFiles */ = {
			isa = PBXCopyFilesBuildPhase;
			buildActionMask = 2147483647;
			dstPath = /usr/share/man/man1/;
			dstSubfolderSpec = 0;
			files = (
			);
			runOnlyForDeploymentPostprocessing = 1;
		};
/* End PBXCopyFilesBuildPhase section */

/* Begin PBXFileReference section */
		C8A1CA961EC24706009FD65E /* MakingDecisions */ = {isa = PBXFileReference; explicitFileType = "compiled.mach-o.executable"; includeInIndex = 0; path = MakingDecisions; sourceTree = BUILT_PRODUCTS_DIR; };
		C8A1CA991EC24706009FD65E /* main.m */ = {isa = PBXFileReference; lastKnownFileType = sourcecode.c.objc; path = main.m; sourceTree = "<group>"; };
		C8A1CAA61EC24AA8009FD65E /* Accumulator_6.h */ = {isa = PBXFileReference; fileEncoding = 4; lastKnownFileType = sourcecode.c.h; path = Accumulator_6.h; sourceTree = "<group>"; };
		C8A1CAA71EC24AA8009FD65E /* Accumulator_6.m */ = {isa = PBXFileReference; fileEncoding = 4; lastKnownFileType = sourcecode.c.objc; path = Accumulator_6.m; sourceTree = "<group>"; };
/* End PBXFileReference section */

/* Begin PBXFrameworksBuildPhase section */
		C8A1CA931EC24706009FD65E /* Frameworks */ = {
			isa = PBXFrameworksBuildPhase;
			buildActionMask = 2147483647;
			files = (
			);
			runOnlyForDeploymentPostprocessing = 0;
		};
/* End PBXFrameworksBuildPhase section */

/* Begin PBXGroup section */
		C8A1CA8D1EC24706009FD65E = {
			isa = PBXGroup;
			children = (
				C8A1CA981EC24706009FD65E /* MakingDecisions */,
				C8A1CA971EC24706009FD65E /* Products */,
			);
			sourceTree = "<group>";
		};
		C8A1CA971EC24706009FD65E /* Products */ = {
			isa = PBXGroup;
			children = (
				C8A1CA961EC24706009FD65E /* MakingDecisions */,
			);
			name = Products;
			sourceTree = "<group>";
		};
		C8A1CA981EC24706009FD65E /* MakingDecisions */ = {
			isa = PBXGroup;
			children = (
				C8A1CA991EC24706009FD65E /* main.m */,
				C8A1CAA61EC24AA8009FD65E /* Accumulator_6.h */,
				C8A1CAA71EC24AA8009FD65E /* Accumulator_6.m */,
			);
			path = MakingDecisions;
			sourceTree = "<group>";
		};
/* End PBXGroup section */

/* Begin PBXNativeTarget section */
		C8A1CA951EC24706009FD65E /* MakingDecisions */ = {
			isa = PBXNativeTarget;
			buildConfigurationList = C8A1CA9D1EC24706009FD65E /* Build configuration list for PBXNativeTarget "MakingDecisions" */;
			buildPhases = (
				C8A1CA921EC24706009FD65E /* Sources */,
				C8A1CA931EC24706009FD65E /* Frameworks */,
				C8A1CA941EC24706009FD65E /* CopyFiles */,
			);
			buildRules = (
			);
			dependencies = (
			);
			name = MakingDecisions;
			productName = MakingDecisions;
			productReference = C8A1CA961EC24706009FD65E /* MakingDecisions */;
			productType = "com.apple.product-type.tool";
		};
/* End PBXNativeTarget section */

/* Begin PBXProject section */
		C8A1CA8E1EC24706009FD65E /* Project object */ = {
			isa = PBXProject;
			attributes = {
				LastUpgradeCheck = 0830;
				ORGANIZATIONNAME = Dasha;
				TargetAttributes = {
					C8A1CA951EC24706009FD65E = {
						CreatedOnToolsVersion = 8.3.2;
						ProvisioningStyle = Automatic;
					};
				};
			};
			buildConfigurationList = C8A1CA911EC24706009FD65E /* Build configuration list for PBXProject "MakingDecisions" */;
			compatibilityVersion = "Xcode 3.2";
			developmentRegion = English;
			hasScannedForEncodings = 0;
			knownRegions = (
				en,
			);
			mainGroup = C8A1CA8D1EC24706009FD65E;
			productRefGroup = C8A1CA971EC24706009FD65E /* Products */;
			projectDirPath = "";
			projectRoot = "";
			targets = (
				C8A1CA951EC24706009FD65E /* MakingDecisions */,
			);
		};
/* End PBXProject section */

/* Begin PBXSourcesBuildPhase section */
		C8A1CA921EC24706009FD65E /* Sources */ = {
			isa = PBXSourcesBuildPhase;
			buildActionMask = 2147483647;
			files = (
				C8A1CA9A1EC24706009FD65E /* main.m in Sources */,
				C8A1CAA81EC24AA8009FD65E /* Accumulator_6.m in Sources */,
			);
			runOnlyForDeploymentPostprocessing = 0;
		};
/* End PBXSourcesBuildPhase section */

/* Begin XCBuildConfiguration section */
		C8A1CA9B1EC24706009FD65E /* Debug */ = {
			isa = XCBuildConfiguration;
			buildSettings = {
				ALWAYS_SEARCH_USER_PATHS = NO;
				CLANG_ANALYZER_NONNULL = YES;
				CLANG_ANALYZER_NUMBER_OBJECT_CONVERSION = YES_AGGRESSIVE;
				CLANG_CXX_LANGUAGE_STANDARD = "gnu++0x";
				CLANG_CXX_LIBRARY = "libc++";
				CLANG_ENABLE_MODULES = YES;
				CLANG_ENABLE_OBJC_ARC = YES;
				CLANG_WARN_BOOL_CONVERSION = YES;
				CLANG_WARN_CONSTANT_CONVERSION = YES;
				CLANG_WARN_DIRECT_OBJC_ISA_USAGE = YES_ERROR;
				CLANG_WARN_DOCUMENTATION_COMMENTS = YES;
				CLANG_WARN_EMPTY_BODY = YES;
				CLANG_WARN_ENUM_CONVERSION = YES;
				CLANG_WARN_INFINITE_RECURSION = YES;
				CLANG_WARN_INT_CONVERSION = YES;
				CLANG_WARN_OBJC_ROOT_CLASS = YES_ERROR;
				CLANG_WARN_SUSPICIOUS_MOVE = YES;
				CLANG_WARN_UNREACHABLE_CODE = YES;
				CLANG_WARN__DUPLICATE_METHOD_MATCH = YES;
				CODE_SIGN_IDENTITY = "-";
				COPY_PHASE_STRIP = NO;
				DEBUG_INFORMATION_FORMAT = dwarf;
				ENABLE_STRICT_OBJC_MSGSEND = YES;
				ENABLE_TESTABILITY = YES;
				GCC_C_LANGUAGE_STANDARD = gnu99;
				GCC_DYNAMIC_NO_PIC = NO;
				GCC_NO_COMMON_BLOCKS = YES;
				GCC_OPTIMIZATION_LEVEL = 0;
				GCC_PREPROCESSOR_DEFINITIONS = (
					"DEBUG=1",
					"$(inherited)",
				);
				GCC_WARN_64_TO_32_BIT_CONVERSION = YES;
				GCC_WARN_ABOUT_RETURN_TYPE = YES_ERROR;
				GCC_WARN_UNDECLARED_SELECTOR = YES;
				GCC_WARN_UNINITIALIZED_AUTOS = YES_AGGRESSIVE;
				GCC_WARN_UNUSED_FUNCTION = YES;
				GCC_WARN_UNUSED_VARIABLE = YES;
				MACOSX_DEPLOYMENT_TARGET = 10.12;
				MTL_ENABLE_DEBUG_INFO = YES;
				ONLY_ACTIVE_ARCH = YES;
				SDKROOT = macosx;
			};
			name = Debug;
		};
		C8A1CA9C1EC24706009FD65E /* Release */ = {
			isa = XCBuildConfiguration;
			buildSettings = {
				ALWAYS_SEARCH_USER_PATHS = NO;
				CLANG_ANALYZER_NONNULL = YES;
				CLANG_ANALYZER_NUMBER_OBJECT_CONVERSION = YES_AGGRESSIVE;
				CLANG_CXX_LANGUAGE_STANDARD = "gnu++0x";
				CLANG_CXX_LIBRARY = "libc++";
				CLANG_ENABLE_MODULES = YES;
				CLANG_ENABLE_OBJC_ARC = YES;
				CLANG_WARN_BOOL_CONVERSION = YES;
				CLANG_WARN_CONSTANT_CONVERSION = YES;
				CLANG_WARN_DIRECT_OBJC_ISA_USAGE = YES_ERROR;
				CLANG_WARN_DOCUMENTATION_COMMENTS = YES;
				CLANG_WARN_EMPTY_BODY = YES;
				CLANG_WARN_ENUM_CONVERSION = YES;
				CLANG_WARN_INFINITE_RECURSION = YES;
				CLANG_WARN_INT_CONVERSION = YES;
				CLANG_WARN_OBJC_ROOT_CLASS = YES_ERROR;
				CLANG_WARN_SUSPICIOUS_MOVE = YES;
				CLANG_WARN_UNREACHABLE_CODE = YES;
				CLANG_WARN__DUPLICATE_METHOD_MATCH = YES;
				CODE_SIGN_IDENTITY = "-";
				COPY_PHASE_STRIP = NO;
				DEBUG_INFORMATION_FORMAT = "dwarf-with-dsym";
				ENABLE_NS_ASSERTIONS = NO;
				ENABLE_STRICT_OBJC_MSGSEND = YES;
				GCC_C_LANGUAGE_STANDARD = gnu99;
				GCC_NO_COMMON_BLOCKS = YES;
				GCC_WARN_64_TO_32_BIT_CONVERSION = YES;
				GCC_WARN_ABOUT_RETURN_TYPE = YES_ERROR;
				GCC_WARN_UNDECLARED_SELECTOR = YES;
				GCC_WARN_UNINITIALIZED_AUTOS = YES_AGGRESSIVE;
				GCC_WARN_UNUSED_FUNCTION = YES;
				GCC_WARN_UNUSED_VARIABLE = YES;
				MACOSX_DEPLOYMENT_TARGET = 10.12;
				MTL_ENABLE_DEBUG_INFO = NO;
				SDKROOT = macosx;
			};
			name = Release;
		};
		C8A1CA9E1EC24706009FD65E /* Debug */ = {
			isa = XCBuildConfiguration;
			buildSettings = {
				PRODUCT_NAME = "$(TARGET_NAME)";
			};
			name = Debug;
		};
		C8A1CA9F1EC24706009FD65E /* Release */ = {
			isa = XCBuildConfiguration;
			buildSettings = {
				PRODUCT_NAME = "$(TARGET_NAME)";
			};
			name = Release;
		};
/* End XCBuildConfiguration section */

/* Begin XCConfigurationList section */
		C8A1CA911EC24706009FD65E /* Build configuration list for PBXProject "MakingDecisions" */ = {
			isa = XCConfigurationList;
			buildConfigurations = (
				C8A1CA9B1EC24706009FD65E /* Debug */,
				C8A1CA9C1EC24706009FD65E /* Release */,
			);
			defaultConfigurationIsVisible = 0;
			defaultConfigurationName = Release;
		};
		C8A1CA9D1EC24706009FD65E /* Build configuration list for PBXNativeTarget "MakingDecisions" */ = {
			isa = XCConfigurationList;
			buildConfigurations = (
				C8A1CA9E1EC24706009FD65E /* Debug */,
				C8A1CA9F1EC24706009FD65E /* Release */,
			);
			defaultConfigurationIsVisible = 0;
		};
/* End XCConfigurationList section */
	};
	rootObject = C8A1CA8E1EC24706009FD65E /* Project object */;
}
